
Microsoft Visual Studio Solution File, Format Version 12.00
# Visual Studio Version 16
VisualStudioVersion = 16.0.31321.278
MinimumVisualStudioVersion = 10.0.40219.1
Project("{9A19103F-16F7-4668-BE54-9A1E7A4F7556}") = "CheckFenix", "CheckFenix\CheckFenix.csproj", "{084E9373-7EA6-49C3-A173-09C84F16AD68}"
EndProject
Project("{9A19103F-16F7-4668-BE54-9A1E7A4F7556}") = "CheckFenix.Core", "CheckFenix.Core\CheckFenix.Core.csproj", "{EECDA5C2-AB28-4E09-A25C-C4C03472C442}"
EndProject
Project("{9A19103F-16F7-4668-BE54-9A1E7A4F7556}") = "CheckFenix.CargarBD", "CargarBD\CheckFenix.CargarBD.csproj", "{E1FB9B8E-BE90-4754-81E8-78A94C31CD6B}"
EndProject
Project("{9A19103F-16F7-4668-BE54-9A1E7A4F7556}") = "CheckFenix.TelegramBot", "CheckFenix.TelegramBot\CheckFenix.TelegramBot.csproj", "{767CC17E-4BB6-406B-B75A-E9F49BD049FD}"
EndProject
Project("{888888A0-9F3D-457C-B088-3A5042F75D52}") = "CheckFenix.TelegramBot.py", "CheckFenix.TelegramBot.Python\CheckFenix.TelegramBot.py.pyproj", "{9BA070CF-653A-434D-B0BA-6C43A70E6B9C}"
EndProject
Global
	GlobalSection(SolutionConfigurationPlatforms) = preSolution
		Debug|Any CPU = Debug|Any CPU
		Release|Any CPU = Release|Any CPU
	EndGlobalSection
	GlobalSection(ProjectConfigurationPlatforms) = postSolution
		{084E9373-7EA6-49C3-A173-09C84F16AD68}.Debug|Any CPU.ActiveCfg = Debug|Any CPU
		{084E9373-7EA6-49C3-A173-09C84F16AD68}.Debug|Any CPU.Build.0 = Debug|Any CPU
		{084E9373-7EA6-49C3-A173-09C84F16AD68}.Release|Any CPU.ActiveCfg = Release|Any CPU
		{084E9373-7EA6-49C3-A173-09C84F16AD68}.Release|Any CPU.Build.0 = Release|Any CPU
		{EECDA5C2-AB28-4E09-A25C-C4C03472C442}.Debug|Any CPU.ActiveCfg = Debug|Any CPU
		{EECDA5C2-AB28-4E09-A25C-C4C03472C442}.Debug|Any CPU.Build.0 = Debug|Any CPU
		{EECDA5C2-AB28-4E09-A25C-C4C03472C442}.Release|Any CPU.ActiveCfg = Release|Any CPU
		{EECDA5C2-AB28-4E09-A25C-C4C03472C442}.Release|Any CPU.Build.0 = Release|Any CPU
		{E1FB9B8E-BE90-4754-81E8-78A94C31CD6B}.Debug|Any CPU.ActiveCfg = Debug|Any CPU
		{E1FB9B8E-BE90-4754-81E8-78A94C31CD6B}.Debug|Any CPU.Build.0 = Debug|Any CPU
		{E1FB9B8E-BE90-4754-81E8-78A94C31CD6B}.Release|Any CPU.ActiveCfg = Release|Any CPU
		{E1FB9B8E-BE90-4754-81E8-78A94C31CD6B}.Release|Any CPU.Build.0 = Release|Any CPU
		{767CC17E-4BB6-406B-B75A-E9F49BD049FD}.Debug|Any CPU.ActiveCfg = Debug|Any CPU
		{767CC17E-4BB6-406B-B75A-E9F49BD049FD}.Debug|Any CPU.Build.0 = Debug|Any CPU
		{767CC17E-4BB6-406B-B75A-E9F49BD049FD}.Release|Any CPU.ActiveCfg = Release|Any CPU
		{767CC17E-4BB6-406B-B75A-E9F49BD049FD}.Release|Any CPU.Build.0 = Release|Any CPU
		{9BA070CF-653A-434D-B0BA-6C43A70E6B9C}.Debug|Any CPU.ActiveCfg = Debug|Any CPU
		{9BA070CF-653A-434D-B0BA-6C43A70E6B9C}.Release|Any CPU.ActiveCfg = Release|Any CPU
	EndGlobalSection
	GlobalSection(SolutionProperties) = preSolution
		HideSolutionNode = FALSE
	EndGlobalSection
	GlobalSection(ExtensibilityGlobals) = postSolution
		SolutionGuid = {D7679117-8F0D-45C7-8267-30F9F76ADA46}
	EndGlobalSection
EndGlobal
